
Microsoft Visual Studio Solution File, Format Version 12.00
# Visual Studio Version 17
VisualStudioVersion = 17.1.32228.430
MinimumVisualStudioVersion = 10.0.40219.1
Project("{2150E333-8FDC-42A3-9474-1A3956D46DE8}") = "Microservices", "Microservices", "{07DFE10B-75A9-460E-AEE3-245D89CE06C1}"
EndProject
Project("{2150E333-8FDC-42A3-9474-1A3956D46DE8}") = "Domain", "Domain", "{11D1E9A8-DD28-4F82-978E-51F73DF07EBA}"
EndProject
Project("{2150E333-8FDC-42A3-9474-1A3956D46DE8}") = "Infra.Bus", "Infra.Bus", "{01046D9E-9D3A-4AF1-984D-1ADA1E139531}"
EndProject
Project("{2150E333-8FDC-42A3-9474-1A3956D46DE8}") = "Infra.Ioc", "Infra.Ioc", "{2AEE2220-06E3-4344-9576-460418E4AA83}"
EndProject
Project("{2150E333-8FDC-42A3-9474-1A3956D46DE8}") = "Presentation", "Presentation", "{86A0D91B-9DC2-4998-BC55-146BB06C69E0}"
EndProject
Project("{9A19103F-16F7-4668-BE54-9A1E7A4F7556}") = "MicroRabbit.Domain.Core", "MicroRabbit.Domain.Core\MicroRabbit.Domain.Core.csproj", "{CE7E1671-76F3-406E-80CC-E71497996FE1}"
EndProject
Project("{9A19103F-16F7-4668-BE54-9A1E7A4F7556}") = "MicroRabbit.Infrastructure.Bus", "MicroRabbit.Infrastructure.Bus\MicroRabbit.Infrastructure.Bus.csproj", "{C9A4FEA9-F20E-4C25-A395-00245B8D61E1}"
EndProject
Project("{9A19103F-16F7-4668-BE54-9A1E7A4F7556}") = "MicroRabbit.Infrastructure.IoC", "MicroRabbit.Infrastructure.IoC\MicroRabbit.Infrastructure.IoC.csproj", "{FF01DACE-434B-41AA-85AC-E72648E16B9C}"
EndProject
Project("{2150E333-8FDC-42A3-9474-1A3956D46DE8}") = "Banking", "Banking", "{E9E83323-0B68-4E9E-8DF2-899FF15044D1}"
EndProject
Project("{2150E333-8FDC-42A3-9474-1A3956D46DE8}") = "Api", "Api", "{0521712B-4919-4D53-A64E-C97035663A62}"
EndProject
Project("{2150E333-8FDC-42A3-9474-1A3956D46DE8}") = "Domain", "Domain", "{50734FEB-773E-4CFB-BB04-F70B94FB5CAF}"
EndProject
Project("{2150E333-8FDC-42A3-9474-1A3956D46DE8}") = "Application", "Application", "{F483FE7E-8BE4-48C4-9BC7-7E880B489C22}"
EndProject
Project("{2150E333-8FDC-42A3-9474-1A3956D46DE8}") = "Data", "Data", "{2C1AB478-A07C-43D7-80D6-9EA58553722F}"
EndProject
Project("{9A19103F-16F7-4668-BE54-9A1E7A4F7556}") = "MicroRabbit.Banking.Api", "MicroRabbit.Banking.Api\MicroRabbit.Banking.Api.csproj", "{ECB4E79A-0ABB-4B33-BD0F-798AE0E6855C}"
EndProject
Project("{9A19103F-16F7-4668-BE54-9A1E7A4F7556}") = "MicroRabbit.Banking.Application", "MicroRabbit.Banking.Application\MicroRabbit.Banking.Application.csproj", "{81A9547A-7988-4D20-84A4-63541158EE9D}"
EndProject
Project("{9A19103F-16F7-4668-BE54-9A1E7A4F7556}") = "MicroRabbit.Banking.Data", "MicroRabbit.Banking.Data\MicroRabbit.Banking.Data.csproj", "{650CFB31-8203-4C13-9BF1-477E1FE342DA}"
EndProject
Project("{9A19103F-16F7-4668-BE54-9A1E7A4F7556}") = "MicroRabbit.Banking.Domain", "MicroRabbit.Banking.Domain\MicroRabbit.Banking.Domain.csproj", "{F16ECA58-9614-44DF-97F3-00FD0450920E}"
EndProject
Project("{2150E333-8FDC-42A3-9474-1A3956D46DE8}") = "Transfer", "Transfer", "{7A8D45FD-7D45-4B1A-B1AC-1562926BF548}"
EndProject
Project("{2150E333-8FDC-42A3-9474-1A3956D46DE8}") = "Api", "Api", "{19D3AFF5-ED61-43E9-AF68-1B3276D2D612}"
EndProject
Project("{2150E333-8FDC-42A3-9474-1A3956D46DE8}") = "Application", "Application", "{9CD94AF8-BB94-456A-B99C-04111F8E3D6E}"
EndProject
Project("{2150E333-8FDC-42A3-9474-1A3956D46DE8}") = "Data", "Data", "{CC28C615-E5F1-4675-823F-8C5153ADA769}"
EndProject
Project("{2150E333-8FDC-42A3-9474-1A3956D46DE8}") = "Domain", "Domain", "{08EADB22-05EB-4D59-83D0-C3C80070B6D7}"
EndProject
Project("{9A19103F-16F7-4668-BE54-9A1E7A4F7556}") = "MicroRabbit.Transfer.Api", "MicroRabbit.Transfer.Api\MicroRabbit.Transfer.Api.csproj", "{49D3BF0E-C5D1-4864-B15A-81048016037D}"
EndProject
Project("{9A19103F-16F7-4668-BE54-9A1E7A4F7556}") = "MicroRabbit.Transfer.Application", "MicroRabbit.Transfer.Application\MicroRabbit.Transfer.Application.csproj", "{E2DC0B36-33DE-4843-BC1E-4885EDE2DFBE}"
EndProject
Project("{9A19103F-16F7-4668-BE54-9A1E7A4F7556}") = "MicroRabbit.Transfer.Domain", "MicroRabbit.Transfer.Domain\MicroRabbit.Transfer.Domain.csproj", "{9BA9F33B-1055-412C-809C-F6480D83712E}"
EndProject
Project("{9A19103F-16F7-4668-BE54-9A1E7A4F7556}") = "MicroRabbit.Transfer.Data", "MicroRabbit.Transfer.Data\MicroRabbit.Transfer.Data.csproj", "{1809D31C-FDF6-42F4-9C62-2EB4F7B477A3}"
EndProject
Project("{FAE04EC0-301F-11D3-BF4B-00C04F79EFBC}") = "MicroRabbit.MVC", "MicroRabbit.MVC\MicroRabbit.MVC.csproj", "{9E27E99C-3A23-48A5-A9B3-B912EF090803}"
EndProject
Global
	GlobalSection(SolutionConfigurationPlatforms) = preSolution
		Debug|Any CPU = Debug|Any CPU
		Release|Any CPU = Release|Any CPU
	EndGlobalSection
	GlobalSection(ProjectConfigurationPlatforms) = postSolution
		{CE7E1671-76F3-406E-80CC-E71497996FE1}.Debug|Any CPU.ActiveCfg = Debug|Any CPU
		{CE7E1671-76F3-406E-80CC-E71497996FE1}.Debug|Any CPU.Build.0 = Debug|Any CPU
		{CE7E1671-76F3-406E-80CC-E71497996FE1}.Release|Any CPU.ActiveCfg = Release|Any CPU
		{CE7E1671-76F3-406E-80CC-E71497996FE1}.Release|Any CPU.Build.0 = Release|Any CPU
		{C9A4FEA9-F20E-4C25-A395-00245B8D61E1}.Debug|Any CPU.ActiveCfg = Debug|Any CPU
		{C9A4FEA9-F20E-4C25-A395-00245B8D61E1}.Debug|Any CPU.Build.0 = Debug|Any CPU
		{C9A4FEA9-F20E-4C25-A395-00245B8D61E1}.Release|Any CPU.ActiveCfg = Release|Any CPU
		{C9A4FEA9-F20E-4C25-A395-00245B8D61E1}.Release|Any CPU.Build.0 = Release|Any CPU
		{FF01DACE-434B-41AA-85AC-E72648E16B9C}.Debug|Any CPU.ActiveCfg = Debug|Any CPU
		{FF01DACE-434B-41AA-85AC-E72648E16B9C}.Debug|Any CPU.Build.0 = Debug|Any CPU
		{FF01DACE-434B-41AA-85AC-E72648E16B9C}.Release|Any CPU.ActiveCfg = Release|Any CPU
		{FF01DACE-434B-41AA-85AC-E72648E16B9C}.Release|Any CPU.Build.0 = Release|Any CPU
		{ECB4E79A-0ABB-4B33-BD0F-798AE0E6855C}.Debug|Any CPU.ActiveCfg = Debug|Any CPU
		{ECB4E79A-0ABB-4B33-BD0F-798AE0E6855C}.Debug|Any CPU.Build.0 = Debug|Any CPU
		{ECB4E79A-0ABB-4B33-BD0F-798AE0E6855C}.Release|Any CPU.ActiveCfg = Release|Any CPU
		{ECB4E79A-0ABB-4B33-BD0F-798AE0E6855C}.Release|Any CPU.Build.0 = Release|Any CPU
		{81A9547A-7988-4D20-84A4-63541158EE9D}.Debug|Any CPU.ActiveCfg = Debug|Any CPU
		{81A9547A-7988-4D20-84A4-63541158EE9D}.Debug|Any CPU.Build.0 = Debug|Any CPU
		{81A9547A-7988-4D20-84A4-63541158EE9D}.Release|Any CPU.ActiveCfg = Release|Any CPU
		{81A9547A-7988-4D20-84A4-63541158EE9D}.Release|Any CPU.Build.0 = Release|Any CPU
		{650CFB31-8203-4C13-9BF1-477E1FE342DA}.Debug|Any CPU.ActiveCfg = Debug|Any CPU
		{650CFB31-8203-4C13-9BF1-477E1FE342DA}.Debug|Any CPU.Build.0 = Debug|Any CPU
		{650CFB31-8203-4C13-9BF1-477E1FE342DA}.Release|Any CPU.ActiveCfg = Release|Any CPU
		{650CFB31-8203-4C13-9BF1-477E1FE342DA}.Release|Any CPU.Build.0 = Release|Any CPU
		{F16ECA58-9614-44DF-97F3-00FD0450920E}.Debug|Any CPU.ActiveCfg = Debug|Any CPU
		{F16ECA58-9614-44DF-97F3-00FD0450920E}.Debug|Any CPU.Build.0 = Debug|Any CPU
		{F16ECA58-9614-44DF-97F3-00FD0450920E}.Release|Any CPU.ActiveCfg = Release|Any CPU
		{F16ECA58-9614-44DF-97F3-00FD0450920E}.Release|Any CPU.Build.0 = Release|Any CPU
		{49D3BF0E-C5D1-4864-B15A-81048016037D}.Debug|Any CPU.ActiveCfg = Debug|Any CPU
		{49D3BF0E-C5D1-4864-B15A-81048016037D}.Debug|Any CPU.Build.0 = Debug|Any CPU
		{49D3BF0E-C5D1-4864-B15A-81048016037D}.Release|Any CPU.ActiveCfg = Release|Any CPU
		{49D3BF0E-C5D1-4864-B15A-81048016037D}.Release|Any CPU.Build.0 = Release|Any CPU
		{E2DC0B36-33DE-4843-BC1E-4885EDE2DFBE}.Debug|Any CPU.ActiveCfg = Debug|Any CPU
		{E2DC0B36-33DE-4843-BC1E-4885EDE2DFBE}.Debug|Any CPU.Build.0 = Debug|Any CPU
		{E2DC0B36-33DE-4843-BC1E-4885EDE2DFBE}.Release|Any CPU.ActiveCfg = Release|Any CPU
		{E2DC0B36-33DE-4843-BC1E-4885EDE2DFBE}.Release|Any CPU.Build.0 = Release|Any CPU
		{9BA9F33B-1055-412C-809C-F6480D83712E}.Debug|Any CPU.ActiveCfg = Debug|Any CPU
		{9BA9F33B-1055-412C-809C-F6480D83712E}.Debug|Any CPU.Build.0 = Debug|Any CPU
		{9BA9F33B-1055-412C-809C-F6480D83712E}.Release|Any CPU.ActiveCfg = Release|Any CPU
		{9BA9F33B-1055-412C-809C-F6480D83712E}.Release|Any CPU.Build.0 = Release|Any CPU
		{1809D31C-FDF6-42F4-9C62-2EB4F7B477A3}.Debug|Any CPU.ActiveCfg = Debug|Any CPU
		{1809D31C-FDF6-42F4-9C62-2EB4F7B477A3}.Debug|Any CPU.Build.0 = Debug|Any CPU
		{1809D31C-FDF6-42F4-9C62-2EB4F7B477A3}.Release|Any CPU.ActiveCfg = Release|Any CPU
		{1809D31C-FDF6-42F4-9C62-2EB4F7B477A3}.Release|Any CPU.Build.0 = Release|Any CPU
		{9E27E99C-3A23-48A5-A9B3-B912EF090803}.Debug|Any CPU.ActiveCfg = Debug|Any CPU
		{9E27E99C-3A23-48A5-A9B3-B912EF090803}.Debug|Any CPU.Build.0 = Debug|Any CPU
		{9E27E99C-3A23-48A5-A9B3-B912EF090803}.Release|Any CPU.ActiveCfg = Release|Any CPU
		{9E27E99C-3A23-48A5-A9B3-B912EF090803}.Release|Any CPU.Build.0 = Release|Any CPU
	EndGlobalSection
	GlobalSection(SolutionProperties) = preSolution
		HideSolutionNode = FALSE
	EndGlobalSection
	GlobalSection(NestedProjects) = preSolution
		{CE7E1671-76F3-406E-80CC-E71497996FE1} = {11D1E9A8-DD28-4F82-978E-51F73DF07EBA}
		{C9A4FEA9-F20E-4C25-A395-00245B8D61E1} = {01046D9E-9D3A-4AF1-984D-1ADA1E139531}
		{FF01DACE-434B-41AA-85AC-E72648E16B9C} = {2AEE2220-06E3-4344-9576-460418E4AA83}
		{E9E83323-0B68-4E9E-8DF2-899FF15044D1} = {07DFE10B-75A9-460E-AEE3-245D89CE06C1}
		{0521712B-4919-4D53-A64E-C97035663A62} = {E9E83323-0B68-4E9E-8DF2-899FF15044D1}
		{50734FEB-773E-4CFB-BB04-F70B94FB5CAF} = {E9E83323-0B68-4E9E-8DF2-899FF15044D1}
		{F483FE7E-8BE4-48C4-9BC7-7E880B489C22} = {E9E83323-0B68-4E9E-8DF2-899FF15044D1}
		{2C1AB478-A07C-43D7-80D6-9EA58553722F} = {E9E83323-0B68-4E9E-8DF2-899FF15044D1}
		{ECB4E79A-0ABB-4B33-BD0F-798AE0E6855C} = {0521712B-4919-4D53-A64E-C97035663A62}
		{81A9547A-7988-4D20-84A4-63541158EE9D} = {F483FE7E-8BE4-48C4-9BC7-7E880B489C22}
		{650CFB31-8203-4C13-9BF1-477E1FE342DA} = {2C1AB478-A07C-43D7-80D6-9EA58553722F}
		{F16ECA58-9614-44DF-97F3-00FD0450920E} = {50734FEB-773E-4CFB-BB04-F70B94FB5CAF}
		{7A8D45FD-7D45-4B1A-B1AC-1562926BF548} = {07DFE10B-75A9-460E-AEE3-245D89CE06C1}
		{19D3AFF5-ED61-43E9-AF68-1B3276D2D612} = {7A8D45FD-7D45-4B1A-B1AC-1562926BF548}
		{9CD94AF8-BB94-456A-B99C-04111F8E3D6E} = {7A8D45FD-7D45-4B1A-B1AC-1562926BF548}
		{CC28C615-E5F1-4675-823F-8C5153ADA769} = {7A8D45FD-7D45-4B1A-B1AC-1562926BF548}
		{08EADB22-05EB-4D59-83D0-C3C80070B6D7} = {7A8D45FD-7D45-4B1A-B1AC-1562926BF548}
		{49D3BF0E-C5D1-4864-B15A-81048016037D} = {19D3AFF5-ED61-43E9-AF68-1B3276D2D612}
		{E2DC0B36-33DE-4843-BC1E-4885EDE2DFBE} = {9CD94AF8-BB94-456A-B99C-04111F8E3D6E}
		{9BA9F33B-1055-412C-809C-F6480D83712E} = {08EADB22-05EB-4D59-83D0-C3C80070B6D7}
		{1809D31C-FDF6-42F4-9C62-2EB4F7B477A3} = {CC28C615-E5F1-4675-823F-8C5153ADA769}
		{9E27E99C-3A23-48A5-A9B3-B912EF090803} = {86A0D91B-9DC2-4998-BC55-146BB06C69E0}
	EndGlobalSection
	GlobalSection(ExtensibilityGlobals) = postSolution
		SolutionGuid = {DC9C7245-915A-4D5B-A901-97F8C83DD318}
	EndGlobalSection
EndGlobal
